// !$*UTF8*$!
{
	archiveVersion = 1;
	classes = {
	};
	objectVersion = 46;
	objects = {

/* Begin PBXBuildFile section */
		11F382991C6ED0BB00CA3298 /* AppDelegate.swift in Sources */ = {isa = PBXBuildFile; fileRef = 11F382981C6ED0BB00CA3298 /* AppDelegate.swift */; };
		11F3829B1C6ED0BB00CA3298 /* ViewController.swift in Sources */ = {isa = PBXBuildFile; fileRef = 11F3829A1C6ED0BB00CA3298 /* ViewController.swift */; };
		11F3829E1C6ED0BB00CA3298 /* Main.storyboard in Resources */ = {isa = PBXBuildFile; fileRef = 11F3829C1C6ED0BB00CA3298 /* Main.storyboard */; };
		11F382A01C6ED0BB00CA3298 /* Assets.xcassets in Resources */ = {isa = PBXBuildFile; fileRef = 11F3829F1C6ED0BB00CA3298 /* Assets.xcassets */; };
		11F382A31C6ED0BB00CA3298 /* LaunchScreen.storyboard in Resources */ = {isa = PBXBuildFile; fileRef = 11F382A11C6ED0BB00CA3298 /* LaunchScreen.storyboard */; };
		11F382AF1C6ED52B00CA3298 /* Punto.swift in Sources */ = {isa = PBXBuildFile; fileRef = 11F382AE1C6ED52B00CA3298 /* Punto.swift */; };
/* End PBXBuildFile section */

/* Begin PBXFileReference section */
		11F382951C6ED0BB00CA3298 /* CETAV.app */ = {isa = PBXFileReference; explicitFileType = wrapper.application; includeInIndex = 0; path = CETAV.app; sourceTree = BUILT_PRODUCTS_DIR; };
		11F382981C6ED0BB00CA3298 /* AppDelegate.swift */ = {isa = PBXFileReference; lastKnownFileType = sourcecode.swift; path = AppDelegate.swift; sourceTree = "<group>"; };
		11F3829A1C6ED0BB00CA3298 /* ViewController.swift */ = {isa = PBXFileReference; lastKnownFileType = sourcecode.swift; path = ViewController.swift; sourceTree = "<group>"; };
		11F3829D1C6ED0BB00CA3298 /* Base */ = {isa = PBXFileReference; lastKnownFileType = file.storyboard; name = Base; path = Base.lproj/Main.storyboard; sourceTree = "<group>"; };
		11F3829F1C6ED0BB00CA3298 /* Assets.xcassets */ = {isa = PBXFileReference; lastKnownFileType = folder.assetcatalog; path = Assets.xcassets; sourceTree = "<group>"; };
		11F382A21C6ED0BB00CA3298 /* Base */ = {isa = PBXFileReference; lastKnownFileType = file.storyboard; name = Base; path = Base.lproj/LaunchScreen.storyboard; sourceTree = "<group>"; };
		11F382A41C6ED0BB00CA3298 /* Info.plist */ = {isa = PBXFileReference; lastKnownFileType = text.plist.xml; path = Info.plist; sourceTree = "<group>"; };
		11F382AE1C6ED52B00CA3298 /* Punto.swift */ = {isa = PBXFileReference; fileEncoding = 4; lastKnownFileType = sourcecode.swift; path = Punto.swift; sourceTree = "<group>"; };
/* End PBXFileReference section */

/* Begin PBXFrameworksBuildPhase section */
		11F382921C6ED0BB00CA3298 /* Frameworks */ = {
			isa = PBXFrameworksBuildPhase;
			buildActionMask = 2147483647;
			files = (
			);
			runOnlyForDeploymentPostprocessing = 0;
		};
/* End PBXFrameworksBuildPhase section */

/* Begin PBXGroup section */
		11F3828C1C6ED0BB00CA3298 = {
			isa = PBXGroup;
			children = (
				11F382971C6ED0BB00CA3298 /* CETAV */,
				11F382961C6ED0BB00CA3298 /* Products */,
			);
			sourceTree = "<group>";
		};
		11F382961C6ED0BB00CA3298 /* Products */ = {
			isa = PBXGroup;
			children = (
				11F382951C6ED0BB00CA3298 /* CETAV.app */,
			);
			name = Products;
			sourceTree = "<group>";
		};
		11F382971C6ED0BB00CA3298 /* CETAV */ = {
			isa = PBXGroup;
			children = (
				11F382B01C6ED59000CA3298 /* Modelos */,
				11F382981C6ED0BB00CA3298 /* AppDelegate.swift */,
				11F382B11C6ED59600CA3298 /* Controladores */,
				11F382B21C6ED59F00CA3298 /* Recursos */,
				11F382A41C6ED0BB00CA3298 /* Info.plist */,
			);
			path = CETAV;
			sourceTree = "<group>";
		};
		11F382B01C6ED59000CA3298 /* Modelos */ = {
			isa = PBXGroup;
			children = (
				11F382AE1C6ED52B00CA3298 /* Punto.swift */,
			);
			name = Modelos;
			sourceTree = "<group>";
		};
		11F382B11C6ED59600CA3298 /* Controladores */ = {
			isa = PBXGroup;
			children = (
				11F3829A1C6ED0BB00CA3298 /* ViewController.swift */,
			);
			name = Controladores;
			sourceTree = "<group>";
		};
		11F382B21C6ED59F00CA3298 /* Recursos */ = {
			isa = PBXGroup;
			children = (
				11F382B31C6ED5A800CA3298 /* UI */,
				11F3829F1C6ED0BB00CA3298 /* Assets.xcassets */,
			);
			name = Recursos;
			sourceTree = "<group>";
		};
		11F382B31C6ED5A800CA3298 /* UI */ = {
			isa = PBXGroup;
			children = (
				11F3829C1C6ED0BB00CA3298 /* Main.storyboard */,
				11F382A11C6ED0BB00CA3298 /* LaunchScreen.storyboard */,
			);
			name = UI;
			sourceTree = "<group>";
		};
/* End PBXGroup section */

/* Begin PBXNativeTarget section */
		11F382941C6ED0BB00CA3298 /* CETAV */ = {
			isa = PBXNativeTarget;
			buildConfigurationList = 11F382A71C6ED0BB00CA3298 /* Build configuration list for PBXNativeTarget "CETAV" */;
			buildPhases = (
				11F382911C6ED0BB00CA3298 /* Sources */,
				11F382921C6ED0BB00CA3298 /* Frameworks */,
				11F382931C6ED0BB00CA3298 /* Resources */,
			);
			buildRules = (
			);
			dependencies = (
			);
			name = CETAV;
			productName = CETAV;
			productReference = 11F382951C6ED0BB00CA3298 /* CETAV.app */;
			productType = "com.apple.product-type.application";
		};
/* End PBXNativeTarget section */

/* Begin PBXProject section */
		11F3828D1C6ED0BB00CA3298 /* Project object */ = {
			isa = PBXProject;
			attributes = {
				LastSwiftUpdateCheck = 0720;
				LastUpgradeCheck = 0720;
				ORGANIZATIONNAME = "Esteban Torres";
				TargetAttributes = {
					11F382941C6ED0BB00CA3298 = {
						CreatedOnToolsVersion = 7.2.1;
					};
				};
			};
			buildConfigurationList = 11F382901C6ED0BB00CA3298 /* Build configuration list for PBXProject "CETAV" */;
			compatibilityVersion = "Xcode 3.2";
			developmentRegion = English;
			hasScannedForEncodings = 0;
			knownRegions = (
				en,
				Base,
			);
			mainGroup = 11F3828C1C6ED0BB00CA3298;
			productRefGroup = 11F382961C6ED0BB00CA3298 /* Products */;
			projectDirPath = "";
			projectRoot = "";
			targets = (
				11F382941C6ED0BB00CA3298 /* CETAV */,
			);
		};
/* End PBXProject section */

/* Begin PBXResourcesBuildPhase section */
		11F382931C6ED0BB00CA3298 /* Resources */ = {
			isa = PBXResourcesBuildPhase;
			buildActionMask = 2147483647;
			files = (
				11F382A31C6ED0BB00CA3298 /* LaunchScreen.storyboard in Resources */,
				11F382A01C6ED0BB00CA3298 /* Assets.xcassets in Resources */,
				11F3829E1C6ED0BB00CA3298 /* Main.storyboard in Resources */,
			);
			runOnlyForDeploymentPostprocessing = 0;
		};
/* End PBXResourcesBuildPhase section */

/* Begin PBXSourcesBuildPhase section */
		11F382911C6ED0BB00CA3298 /* Sources */ = {
			isa = PBXSourcesBuildPhase;
			buildActionMask = 2147483647;
			files = (
				11F382AF1C6ED52B00CA3298 /* Punto.swift in Sources */,
				11F3829B1C6ED0BB00CA3298 /* ViewController.swift in Sources */,
				11F382991C6ED0BB00CA3298 /* AppDelegate.swift in Sources */,
			);
			runOnlyForDeploymentPostprocessing = 0;
		};
/* End PBXSourcesBuildPhase section */

/* Begin PBXVariantGroup section */
		11F3829C1C6ED0BB00CA3298 /* Main.storyboard */ = {
			isa = PBXVariantGroup;
			children = (
				11F3829D1C6ED0BB00CA3298 /* Base */,
			);
			name = Main.storyboard;
			sourceTree = "<group>";
		};
		11F382A11C6ED0BB00CA3298 /* LaunchScreen.storyboard */ = {
			isa = PBXVariantGroup;
			children = (
				11F382A21C6ED0BB00CA3298 /* Base */,
			);
			name = LaunchScreen.storyboard;
			sourceTree = "<group>";
		};
/* End PBXVariantGroup section */

/* Begin XCBuildConfiguration section */
		11F382A51C6ED0BB00CA3298 /* Debug */ = {
			isa = XCBuildConfiguration;
			buildSettings = {
				ALWAYS_SEARCH_USER_PATHS = NO;
				CLANG_CXX_LANGUAGE_STANDARD = "gnu++0x";
				CLANG_CXX_LIBRARY = "libc++";
				CLANG_ENABLE_MODULES = YES;
				CLANG_ENABLE_OBJC_ARC = YES;
				CLANG_WARN_BOOL_CONVERSION = YES;
				CLANG_WARN_CONSTANT_CONVERSION = YES;
				CLANG_WARN_DIRECT_OBJC_ISA_USAGE = YES_ERROR;
				CLANG_WARN_EMPTY_BODY = YES;
				CLANG_WARN_ENUM_CONVERSION = YES;
				CLANG_WARN_INT_CONVERSION = YES;
				CLANG_WARN_OBJC_ROOT_CLASS = YES_ERROR;
				CLANG_WARN_UNREACHABLE_CODE = YES;
				CLANG_WARN__DUPLICATE_METHOD_MATCH = YES;
				"CODE_SIGN_IDENTITY[sdk=iphoneos*]" = "iPhone Developer";
				COPY_PHASE_STRIP = NO;
				DEBUG_INFORMATION_FORMAT = dwarf;
				ENABLE_STRICT_OBJC_MSGSEND = YES;
				ENABLE_TESTABILITY = YES;
				GCC_C_LANGUAGE_STANDARD = gnu99;
				GCC_DYNAMIC_NO_PIC = NO;
				GCC_NO_COMMON_BLOCKS = YES;
				GCC_OPTIMIZATION_LEVEL = 0;
				GCC_PREPROCESSOR_DEFINITIONS = (
					"DEBUG=1",
					"$(inherited)",
				);
				GCC_WARN_64_TO_32_BIT_CONVERSION = YES;
				GCC_WARN_ABOUT_RETURN_TYPE = YES_ERROR;
				GCC_WARN_UNDECLARED_SELECTOR = YES;
				GCC_WARN_UNINITIALIZED_AUTOS = YES_AGGRESSIVE;
				GCC_WARN_UNUSED_FUNCTION = YES;
				GCC_WARN_UNUSED_VARIABLE = YES;
				IPHONEOS_DEPLOYMENT_TARGET = 9.2;
				MTL_ENABLE_DEBUG_INFO = YES;
				ONLY_ACTIVE_ARCH = YES;
				SDKROOT = iphoneos;
				SWIFT_OPTIMIZATION_LEVEL = "-Onone";
			};
			name = Debug;
		};
		11F382A61C6ED0BB00CA3298 /* Release */ = {
			isa = XCBuildConfiguration;
			buildSettings = {
				ALWAYS_SEARCH_USER_PATHS = NO;
				CLANG_CXX_LANGUAGE_STANDARD = "gnu++0x";
				CLANG_CXX_LIBRARY = "libc++";
				CLANG_ENABLE_MODULES = YES;
				CLANG_ENABLE_OBJC_ARC = YES;
				CLANG_WARN_BOOL_CONVERSION = YES;
				CLANG_WARN_CONSTANT_CONVERSION = YES;
				CLANG_WARN_DIRECT_OBJC_ISA_USAGE = YES_ERROR;
				CLANG_WARN_EMPTY_BODY = YES;
				CLANG_WARN_ENUM_CONVERSION = YES;
				CLANG_WARN_INT_CONVERSION = YES;
				CLANG_WARN_OBJC_ROOT_CLASS = YES_ERROR;
				CLANG_WARN_UNREACHABLE_CODE = YES;
				CLANG_WARN__DUPLICATE_METHOD_MATCH = YES;
				"CODE_SIGN_IDENTITY[sdk=iphoneos*]" = "iPhone Developer";
				COPY_PHASE_STRIP = NO;
				DEBUG_INFORMATION_FORMAT = "dwarf-with-dsym";
				ENABLE_NS_ASSERTIONS = NO;
				ENABLE_STRICT_OBJC_MSGSEND = YES;
				GCC_C_LANGUAGE_STANDARD = gnu99;
				GCC_NO_COMMON_BLOCKS = YES;
				GCC_WARN_64_TO_32_BIT_CONVERSION = YES;
				GCC_WARN_ABOUT_RETURN_TYPE = YES_ERROR;
				GCC_WARN_UNDECLARED_SELECTOR = YES;
				GCC_WARN_UNINITIALIZED_AUTOS = YES_AGGRESSIVE;
				GCC_WARN_UNUSED_FUNCTION = YES;
				GCC_WARN_UNUSED_VARIABLE = YES;
				IPHONEOS_DEPLOYMENT_TARGET = 9.2;
				MTL_ENABLE_DEBUG_INFO = NO;
				SDKROOT = iphoneos;
				VALIDATE_PRODUCT = YES;
			};
			name = Release;
		};
		11F382A81C6ED0BB00CA3298 /* Debug */ = {
			isa = XCBuildConfiguration;
			buildSettings = {
				ASSETCATALOG_COMPILER_APPICON_NAME = AppIcon;
				INFOPLIST_FILE = CETAV/Info.plist;
				LD_RUNPATH_SEARCH_PATHS = "$(inherited) @executable_path/Frameworks";
				PRODUCT_BUNDLE_IDENTIFIER = me.estebantorr.CETAV;
				PRODUCT_NAME = "$(TARGET_NAME)";
			};
			name = Debug;
		};
		11F382A91C6ED0BB00CA3298 /* Release */ = {
			isa = XCBuildConfiguration;
			buildSettings = {
				ASSETCATALOG_COMPILER_APPICON_NAME = AppIcon;
				INFOPLIST_FILE = CETAV/Info.plist;
				LD_RUNPATH_SEARCH_PATHS = "$(inherited) @executable_path/Frameworks";
				PRODUCT_BUNDLE_IDENTIFIER = me.estebantorr.CETAV;
				PRODUCT_NAME = "$(TARGET_NAME)";
			};
			name = Release;
		};
/* End XCBuildConfiguration section */

/* Begin XCConfigurationList section */
		11F382901C6ED0BB00CA3298 /* Build configuration list for PBXProject "CETAV" */ = {
			isa = XCConfigurationList;
			buildConfigurations = (
				11F382A51C6ED0BB00CA3298 /* Debug */,
				11F382A61C6ED0BB00CA3298 /* Release */,
			);
			defaultConfigurationIsVisible = 0;
			defaultConfigurationName = Release;
		};
		11F382A71C6ED0BB00CA3298 /* Build configuration list for PBXNativeTarget "CETAV" */ = {
			isa = XCConfigurationList;
			buildConfigurations = (
				11F382A81C6ED0BB00CA3298 /* Debug */,
				11F382A91C6ED0BB00CA3298 /* Release */,
			);
			defaultConfigurationIsVisible = 0;
		};
/* End XCConfigurationList section */
	};
	rootObject = 11F3828D1C6ED0BB00CA3298 /* Project object */;
}
